
Microsoft Visual Studio Solution File, Format Version 12.00
# Visual Studio Express 15 for Windows Desktop
VisualStudioVersion = 15.0.28307.779
MinimumVisualStudioVersion = 10.0.40219.1
Project("{F184B08F-C81C-45F6-A57F-5ABD9991F28F}") = "Chargenetic almacen", "Chargenetic almacen\Chargenetic almacen.vbproj", "{A57C1D44-0100-4713-BF1E-757318E8F704}"
EndProject
Global
	GlobalSection(SolutionConfigurationPlatforms) = preSolution
		Debug|Any CPU = Debug|Any CPU
		Release|Any CPU = Release|Any CPU
	EndGlobalSection
	GlobalSection(ProjectConfigurationPlatforms) = postSolution
		{A57C1D44-0100-4713-BF1E-757318E8F704}.Debug|Any CPU.ActiveCfg = Debug|Any CPU
		{A57C1D44-0100-4713-BF1E-757318E8F704}.Debug|Any CPU.Build.0 = Debug|Any CPU
		{A57C1D44-0100-4713-BF1E-757318E8F704}.Release|Any CPU.ActiveCfg = Release|Any CPU
		{A57C1D44-0100-4713-BF1E-757318E8F704}.Release|Any CPU.Build.0 = Release|Any CPU
	EndGlobalSection
	GlobalSection(SolutionProperties) = preSolution
		HideSolutionNode = FALSE
	EndGlobalSection
	GlobalSection(ExtensibilityGlobals) = postSolution
		SolutionGuid = {CAED1BBE-F014-4017-9FDA-5AF209638634}
	EndGlobalSection
EndGlobal
