
Microsoft Visual Studio Solution File, Format Version 12.00
# Visual Studio Express 15 for Windows Desktop
VisualStudioVersion = 15.0.28307.779
MinimumVisualStudioVersion = 10.0.40219.1
Project("{F184B08F-C81C-45F6-A57F-5ABD9991F28F}") = "MikelEncuestas", "MikelEncuestas\MikelEncuestas.vbproj", "{D90B589C-CB8A-4D54-92F2-7822EE359481}"
EndProject
Global
	GlobalSection(SolutionConfigurationPlatforms) = preSolution
		Debug|Any CPU = Debug|Any CPU
		Release|Any CPU = Release|Any CPU
	EndGlobalSection
	GlobalSection(ProjectConfigurationPlatforms) = postSolution
		{D90B589C-CB8A-4D54-92F2-7822EE359481}.Debug|Any CPU.ActiveCfg = Debug|Any CPU
		{D90B589C-CB8A-4D54-92F2-7822EE359481}.Debug|Any CPU.Build.0 = Debug|Any CPU
		{D90B589C-CB8A-4D54-92F2-7822EE359481}.Release|Any CPU.ActiveCfg = Release|Any CPU
		{D90B589C-CB8A-4D54-92F2-7822EE359481}.Release|Any CPU.Build.0 = Release|Any CPU
	EndGlobalSection
	GlobalSection(SolutionProperties) = preSolution
		HideSolutionNode = FALSE
	EndGlobalSection
	GlobalSection(ExtensibilityGlobals) = postSolution
		SolutionGuid = {29D28A90-853E-4DBC-A32C-8886558947A3}
	EndGlobalSection
EndGlobal
