
Microsoft Visual Studio Solution File, Format Version 12.00
# Visual Studio Express 15 for Windows Desktop
VisualStudioVersion = 15.0.28307.779
MinimumVisualStudioVersion = 10.0.40219.1
Project("{F184B08F-C81C-45F6-A57F-5ABD9991F28F}") = "PiedraPapelTijera", "PiedraPapelTijera\PiedraPapelTijera.vbproj", "{B6A4A642-26D7-497F-AAEF-B14A11896A9E}"
EndProject
Global
	GlobalSection(SolutionConfigurationPlatforms) = preSolution
		Debug|Any CPU = Debug|Any CPU
		Release|Any CPU = Release|Any CPU
	EndGlobalSection
	GlobalSection(ProjectConfigurationPlatforms) = postSolution
		{B6A4A642-26D7-497F-AAEF-B14A11896A9E}.Debug|Any CPU.ActiveCfg = Debug|Any CPU
		{B6A4A642-26D7-497F-AAEF-B14A11896A9E}.Debug|Any CPU.Build.0 = Debug|Any CPU
		{B6A4A642-26D7-497F-AAEF-B14A11896A9E}.Release|Any CPU.ActiveCfg = Release|Any CPU
		{B6A4A642-26D7-497F-AAEF-B14A11896A9E}.Release|Any CPU.Build.0 = Release|Any CPU
	EndGlobalSection
	GlobalSection(SolutionProperties) = preSolution
		HideSolutionNode = FALSE
	EndGlobalSection
	GlobalSection(ExtensibilityGlobals) = postSolution
		SolutionGuid = {A934C634-FC80-4170-9955-08028BFA570C}
	EndGlobalSection
EndGlobal
